
Microsoft Visual Studio Solution File, Format Version 12.00
# Visual Studio 2013
VisualStudioVersion = 12.0.40629.0
MinimumVisualStudioVersion = 10.0.40219.1
Project("{FAE04EC0-301F-11D3-BF4B-00C04F79EFBC}") = "NinjaDomain.Classes", "NinjaDomain.Classes\NinjaDomain.Classes.csproj", "{A0D1F9A1-FF29-4DDB-812E-AE608581C384}"
EndProject
Project("{FAE04EC0-301F-11D3-BF4B-00C04F79EFBC}") = "NinjaDomain.Data", "NinjaDomain.DataModel\NinjaDomain.Data.csproj", "{FF1605AE-4222-451E-8FD1-69BBC011301E}"
EndProject
Project("{FAE04EC0-301F-11D3-BF4B-00C04F79EFBC}") = "NinjaDomain.WebApi", "NinjaDomain.WebApi\NinjaDomain.WebApi.csproj", "{40AF3348-3AA5-4C79-9434-C81E1869AA3C}"
EndProject
Project("{FAE04EC0-301F-11D3-BF4B-00C04F79EFBC}") = "NinjaDomain.WebApi.Tests", "NinjaDomain.WebApi.Tests\NinjaDomain.WebApi.Tests.csproj", "{CB4940BE-B0D8-49BC-BBED-9E12CC3350E5}"
EndProject
Project("{FAE04EC0-301F-11D3-BF4B-00C04F79EFBC}") = "NinjaDomain.Data.Tests", "NinjaDomain.Data.Tests\NinjaDomain.Data.Tests.csproj", "{7C2AAD6F-4802-4E05-87F1-E542AB64874D}"
EndProject
Project("{2150E333-8FDC-42A3-9474-1A3956D46DE8}") = ".nuget", ".nuget", "{863C7940-E9A1-486A-9CA3-1FDDEBD98CA9}"
	ProjectSection(SolutionItems) = preProject
		.nuget\NuGet.Config = .nuget\NuGet.Config
		.nuget\NuGet.exe = .nuget\NuGet.exe
		.nuget\NuGet.targets = .nuget\NuGet.targets
	EndProjectSection
EndProject
Global
	GlobalSection(SolutionConfigurationPlatforms) = preSolution
		Debug|Any CPU = Debug|Any CPU
		Release|Any CPU = Release|Any CPU
	EndGlobalSection
	GlobalSection(ProjectConfigurationPlatforms) = postSolution
		{A0D1F9A1-FF29-4DDB-812E-AE608581C384}.Debug|Any CPU.ActiveCfg = Debug|Any CPU
		{A0D1F9A1-FF29-4DDB-812E-AE608581C384}.Debug|Any CPU.Build.0 = Debug|Any CPU
		{A0D1F9A1-FF29-4DDB-812E-AE608581C384}.Release|Any CPU.ActiveCfg = Release|Any CPU
		{A0D1F9A1-FF29-4DDB-812E-AE608581C384}.Release|Any CPU.Build.0 = Release|Any CPU
		{FF1605AE-4222-451E-8FD1-69BBC011301E}.Debug|Any CPU.ActiveCfg = Debug|Any CPU
		{FF1605AE-4222-451E-8FD1-69BBC011301E}.Debug|Any CPU.Build.0 = Debug|Any CPU
		{FF1605AE-4222-451E-8FD1-69BBC011301E}.Release|Any CPU.ActiveCfg = Release|Any CPU
		{FF1605AE-4222-451E-8FD1-69BBC011301E}.Release|Any CPU.Build.0 = Release|Any CPU
		{40AF3348-3AA5-4C79-9434-C81E1869AA3C}.Debug|Any CPU.ActiveCfg = Debug|Any CPU
		{40AF3348-3AA5-4C79-9434-C81E1869AA3C}.Debug|Any CPU.Build.0 = Debug|Any CPU
		{40AF3348-3AA5-4C79-9434-C81E1869AA3C}.Release|Any CPU.ActiveCfg = Release|Any CPU
		{40AF3348-3AA5-4C79-9434-C81E1869AA3C}.Release|Any CPU.Build.0 = Release|Any CPU
		{CB4940BE-B0D8-49BC-BBED-9E12CC3350E5}.Debug|Any CPU.ActiveCfg = Debug|Any CPU
		{CB4940BE-B0D8-49BC-BBED-9E12CC3350E5}.Debug|Any CPU.Build.0 = Debug|Any CPU
		{CB4940BE-B0D8-49BC-BBED-9E12CC3350E5}.Release|Any CPU.ActiveCfg = Release|Any CPU
		{CB4940BE-B0D8-49BC-BBED-9E12CC3350E5}.Release|Any CPU.Build.0 = Release|Any CPU
		{7C2AAD6F-4802-4E05-87F1-E542AB64874D}.Debug|Any CPU.ActiveCfg = Debug|Any CPU
		{7C2AAD6F-4802-4E05-87F1-E542AB64874D}.Debug|Any CPU.Build.0 = Debug|Any CPU
		{7C2AAD6F-4802-4E05-87F1-E542AB64874D}.Release|Any CPU.ActiveCfg = Release|Any CPU
		{7C2AAD6F-4802-4E05-87F1-E542AB64874D}.Release|Any CPU.Build.0 = Release|Any CPU
	EndGlobalSection
	GlobalSection(SolutionProperties) = preSolution
		HideSolutionNode = FALSE
	EndGlobalSection
EndGlobal
